<?xml version="1.0" encoding="UTF-8"?>
<!DOCTYPE plist PUBLIC "-//Apple//DTD PLIST 1.0//EN" "http://www.apple.com/DTDs/PropertyList-1.0.dtd">
<plist version="1.0">
<dict>
	<key>archiveVersion</key>
	<string>1</string>
	<key>classes</key>
	<dict/>
	<key>objectVersion</key>
	<string>46</string>
	<key>objects</key>
	<dict>
		<key>14AFDF88837B40F69C7F7B15</key>
		<dict>
			<key>includeInIndex</key>
			<string>1</string>
			<key>isa</key>
			<string>PBXFileReference</string>
			<key>lastKnownFileType</key>
			<string>text.xcconfig</string>
			<key>name</key>
			<string>Pods.xcconfig</string>
			<key>path</key>
			<string>Pods/Pods.xcconfig</string>
			<key>sourceTree</key>
			<string>&lt;group&gt;</string>
		</dict>
		<key>3669800A249C820D48127D0B</key>
		<dict>
			<key>fileEncoding</key>
			<string>4</string>
			<key>isa</key>
			<string>PBXFileReference</string>
			<key>lastKnownFileType</key>
			<string>sourcecode.c.h</string>
			<key>path</key>
			<string>BOCDImportOperation.h</string>
			<key>sourceTree</key>
			<string>&lt;group&gt;</string>
		</dict>
		<key>366980489A9447D757C49FE5</key>
		<dict>
			<key>fileEncoding</key>
			<string>4</string>
			<key>isa</key>
			<string>PBXFileReference</string>
			<key>lastKnownFileType</key>
			<string>sourcecode.c.h</string>
			<key>path</key>
			<string>BOBaseManagedObject.h</string>
			<key>sourceTree</key>
			<string>&lt;group&gt;</string>
		</dict>
		<key>366980BBB94B2EE34C9C67FE</key>
		<dict>
			<key>fileEncoding</key>
			<string>4</string>
			<key>isa</key>
			<string>PBXFileReference</string>
			<key>lastKnownFileType</key>
			<string>sourcecode.c.h</string>
			<key>path</key>
			<string>BOVenueTableViewCell.h</string>
			<key>sourceTree</key>
			<string>&lt;group&gt;</string>
		</dict>
		<key>366980DC01495DD2E7ADDB50</key>
		<dict>
			<key>fileRef</key>
			<string>36698C1D04E6362E715BF3BA</string>
			<key>isa</key>
			<string>PBXBuildFile</string>
		</dict>
		<key>366980DC59CA6639C2A21776</key>
		<dict>
			<key>fileEncoding</key>
			<string>4</string>
			<key>isa</key>
			<string>PBXFileReference</string>
			<key>lastKnownFileType</key>
			<string>sourcecode.c.h</string>
			<key>path</key>
			<string>NSString+Extensions.h</string>
			<key>sourceTree</key>
			<string>&lt;group&gt;</string>
		</dict>
		<key>36698105FDCBE2AA8A49A724</key>
		<dict>
			<key>fileEncoding</key>
			<string>4</string>
			<key>isa</key>
			<string>PBXFileReference</string>
			<key>lastKnownFileType</key>
			<string>sourcecode.c.objc</string>
			<key>path</key>
			<string>BOBaseManagedObject.m</string>
			<key>sourceTree</key>
			<string>&lt;group&gt;</string>
		</dict>
		<key>3669811D0B85BCE9CFA4EF0C</key>
		<dict>
			<key>fileRef</key>
			<string>36698D0072CB30718EC99F5E</string>
			<key>isa</key>
			<string>PBXBuildFile</string>
		</dict>
		<key>366981BB6B0DC08C1BC73E7C</key>
		<dict>
			<key>fileEncoding</key>
			<string>4</string>
			<key>isa</key>
			<string>PBXFileReference</string>
			<key>lastKnownFileType</key>
			<string>sourcecode.c.objc</string>
			<key>path</key>
			<string>FRCDataSource.m</string>
			<key>sourceTree</key>
			<string>&lt;group&gt;</string>
		</dict>
		<key>366982DBC55C5D4DA2CEC479</key>
		<dict>
			<key>fileEncoding</key>
			<string>4</string>
			<key>isa</key>
			<string>PBXFileReference</string>
			<key>lastKnownFileType</key>
			<string>sourcecode.c.objc</string>
			<key>path</key>
			<string>BOUtilityMethods.m</string>
			<key>sourceTree</key>
			<string>&lt;group&gt;</string>
		</dict>
		<key>366983092ACF9F9EFE823E9A</key>
		<dict>
			<key>fileEncoding</key>
			<string>4</string>
			<key>isa</key>
			<string>PBXFileReference</string>
			<key>lastKnownFileType</key>
			<string>sourcecode.c.h</string>
			<key>path</key>
			<string>BOVenueTableViewCell+ConfigureCell.h</string>
			<key>sourceTree</key>
			<string>&lt;group&gt;</string>
		</dict>
		<key>36698342622FD36E33B9BBCC</key>
		<dict>
			<key>fileEncoding</key>
			<string>4</string>
			<key>isa</key>
			<string>PBXFileReference</string>
			<key>lastKnownFileType</key>
			<string>sourcecode.c.objc</string>
			<key>path</key>
			<string>BOVenueTableViewCell+ConfigureCell.m</string>
			<key>sourceTree</key>
			<string>&lt;group&gt;</string>
		</dict>
		<key>366983ADFAD7C16A718D30E3</key>
		<dict>
			<key>fileEncoding</key>
			<string>4</string>
			<key>isa</key>
			<string>PBXFileReference</string>
			<key>lastKnownFileType</key>
			<string>sourcecode.c.h</string>
			<key>path</key>
			<string>BOSimpleManagedObject.h</string>
			<key>sourceTree</key>
			<string>&lt;group&gt;</string>
		</dict>
		<key>366983B7AD30E05E0682037E</key>
		<dict>
			<key>fileEncoding</key>
			<string>4</string>
			<key>isa</key>
			<string>PBXFileReference</string>
			<key>lastKnownFileType</key>
			<string>sourcecode.c.h</string>
			<key>path</key>
			<string>BOStore.h</string>
			<key>sourceTree</key>
			<string>&lt;group&gt;</string>
		</dict>
		<key>366983BC6F2234E4C13583EF</key>
		<dict>
			<key>children</key>
			<array>
				<string>366983B7AD30E05E0682037E</string>
				<string>3669895830ABACAB0F10D616</string>
				<string>36698D9EB5A2446BBD834997</string>
				<string>36698AA4F210890B13037C00</string>
				<string>366980489A9447D757C49FE5</string>
				<string>36698105FDCBE2AA8A49A724</string>
				<string>366983ADFAD7C16A718D30E3</string>
				<string>36698B29271EBAA978C721EA</string>
			</array>
			<key>isa</key>
			<string>PBXGroup</string>
			<key>path</key>
			<string>Models</string>
			<key>sourceTree</key>
			<string>&lt;group&gt;</string>
		</dict>
		<key>3669843463C599680F414669</key>
		<dict>
			<key>fileEncoding</key>
			<string>4</string>
			<key>isa</key>
			<string>PBXFileReference</string>
			<key>lastKnownFileType</key>
			<string>sourcecode.c.objc</string>
			<key>path</key>
			<string>NSDictionary+Extensions.m</string>
			<key>sourceTree</key>
			<string>&lt;group&gt;</string>
		</dict>
		<key>3669848613EFF4DD947353EF</key>
		<dict>
			<key>fileRef</key>
			<string>36698CC13E83CE5841875989</string>
			<key>isa</key>
			<string>PBXBuildFile</string>
		</dict>
		<key>3669851782F13E5665158A84</key>
		<dict>
			<key>fileRef</key>
			<string>36698342622FD36E33B9BBCC</string>
			<key>isa</key>
			<string>PBXBuildFile</string>
		</dict>
		<key>36698518CDACAF7961D6EDB0</key>
		<dict>
			<key>fileRef</key>
			<string>36698823BEE92EEF9262F0E0</string>
			<key>isa</key>
			<string>PBXBuildFile</string>
		</dict>
		<key>366985BD9D5BB6F5749BACF5</key>
		<dict>
			<key>fileEncoding</key>
			<string>4</string>
			<key>isa</key>
			<string>PBXFileReference</string>
			<key>lastKnownFileType</key>
			<string>sourcecode.c.objc</string>
			<key>path</key>
			<string>NSString+Extensions.m</string>
			<key>sourceTree</key>
			<string>&lt;group&gt;</string>
		</dict>
		<key>366985C7E4CA3C0534794C92</key>
		<dict>
			<key>fileEncoding</key>
			<string>4</string>
			<key>isa</key>
			<string>PBXFileReference</string>
			<key>lastKnownFileType</key>
			<string>sourcecode.c.h</string>
			<key>path</key>
			<string>NSFetchedResultsController+LoggedFetch.h</string>
			<key>sourceTree</key>
			<string>&lt;group&gt;</string>
		</dict>
		<key>3669867D3BC305BBDC4736E5</key>
		<dict>
			<key>fileRef</key>
			<string>366987EA89E833162C27481D</string>
			<key>isa</key>
			<string>PBXBuildFile</string>
		</dict>
		<key>3669868C1FEB28CEA92E2CB8</key>
		<dict>
			<key>fileRef</key>
			<string>36698B29271EBAA978C721EA</string>
			<key>isa</key>
			<string>PBXBuildFile</string>
		</dict>
		<key>3669869A836C796B3003A67B</key>
		<dict>
			<key>children</key>
			<array>
				<string>366989E1DF0484A3F07B9743</string>
				<string>366987EA89E833162C27481D</string>
			</array>
			<key>isa</key>
			<string>PBXGroup</string>
			<key>path</key>
			<string>CoreData Models</string>
			<key>sourceTree</key>
			<string>&lt;group&gt;</string>
		</dict>
		<key>366986C8C538FADD30D33FD8</key>
		<dict>
			<key>fileEncoding</key>
			<string>4</string>
			<key>isa</key>
			<string>PBXFileReference</string>
			<key>lastKnownFileType</key>
			<string>sourcecode.c.objc</string>
			<key>path</key>
			<string>BORootTableViewController.m</string>
			<key>sourceTree</key>
			<string>&lt;group&gt;</string>
		</dict>
		<key>366986DF71F6E406EFAD2ED7</key>
		<dict>
			<key>fileRef</key>
			<string>366981BB6B0DC08C1BC73E7C</string>
			<key>isa</key>
			<string>PBXBuildFile</string>
		</dict>
		<key>3669871FB60EB7143747D1D7</key>
		<dict>
			<key>fileEncoding</key>
			<string>4</string>
			<key>isa</key>
			<string>PBXFileReference</string>
			<key>lastKnownFileType</key>
			<string>sourcecode.c.h</string>
			<key>path</key>
			<string>NSDictionary+Extensions.h</string>
			<key>sourceTree</key>
			<string>&lt;group&gt;</string>
		</dict>
		<key>36698720BA7489E2BD021ADB</key>
		<dict>
			<key>fileRef</key>
			<string>3669894129EB1938A4977A5D</string>
			<key>isa</key>
			<string>PBXBuildFile</string>
		</dict>
		<key>3669873EAF93751106E0083A</key>
		<dict>
			<key>fileRef</key>
			<string>366986C8C538FADD30D33FD8</string>
			<key>isa</key>
			<string>PBXBuildFile</string>
		</dict>
		<key>36698782D6C0A08D3CE376F5</key>
		<dict>
			<key>fileEncoding</key>
			<string>4</string>
			<key>isa</key>
			<string>PBXFileReference</string>
			<key>lastKnownFileType</key>
			<string>sourcecode.c.h</string>
			<key>path</key>
			<string>BORootTableViewController.h</string>
			<key>sourceTree</key>
			<string>&lt;group&gt;</string>
		</dict>
		<key>366987A5296887CEE9B22849</key>
		<dict>
			<key>fileEncoding</key>
			<string>4</string>
			<key>isa</key>
			<string>PBXFileReference</string>
			<key>lastKnownFileType</key>
			<string>sourcecode.c.objc</string>
			<key>path</key>
			<string>Venue.m</string>
			<key>sourceTree</key>
			<string>&lt;group&gt;</string>
		</dict>
		<key>366987EA89E833162C27481D</key>
		<dict>
			<key>fileEncoding</key>
			<string>4</string>
			<key>isa</key>
			<string>PBXFileReference</string>
			<key>lastKnownFileType</key>
			<string>sourcecode.c.objc</string>
			<key>path</key>
			<string>Venue.m</string>
			<key>sourceTree</key>
			<string>&lt;group&gt;</string>
		</dict>
		<key>36698823BEE92EEF9262F0E0</key>
		<dict>
			<key>fileEncoding</key>
			<string>4</string>
			<key>isa</key>
			<string>PBXFileReference</string>
			<key>lastKnownFileType</key>
			<string>sourcecode.c.objc</string>
			<key>path</key>
			<string>VenueImportOperation.m</string>
			<key>sourceTree</key>
			<string>&lt;group&gt;</string>
		</dict>
		<key>3669883410D89CA0A54F303A</key>
		<dict>
			<key>fileEncoding</key>
			<string>4</string>
			<key>isa</key>
			<string>PBXFileReference</string>
			<key>lastKnownFileType</key>
			<string>sourcecode.c.h</string>
			<key>path</key>
			<string>FRCDataSource.h</string>
			<key>sourceTree</key>
			<string>&lt;group&gt;</string>
		</dict>
		<key>3669884C267B5DD4D83B27D1</key>
		<dict>
			<key>fileRef</key>
			<string>36698AA4F210890B13037C00</string>
			<key>isa</key>
			<string>PBXBuildFile</string>
		</dict>
		<key>3669884DED9FDB1FC60DC855</key>
		<dict>
			<key>fileRef</key>
			<string>36698105FDCBE2AA8A49A724</string>
			<key>isa</key>
			<string>PBXBuildFile</string>
		</dict>
		<key>3669887279CE6B835EC99D73</key>
		<dict>
			<key>fileRef</key>
			<string>366985BD9D5BB6F5749BACF5</string>
			<key>isa</key>
			<string>PBXBuildFile</string>
		</dict>
		<key>366988BB25F396752FB2DD7D</key>
		<dict>
			<key>children</key>
			<array>
				<string>36698A36791F2E2EACB79736</string>
				<string>366982DBC55C5D4DA2CEC479</string>
				<string>366980DC59CA6639C2A21776</string>
				<string>366985BD9D5BB6F5749BACF5</string>
				<string>3669871FB60EB7143747D1D7</string>
				<string>3669843463C599680F414669</string>
				<string>366985C7E4CA3C0534794C92</string>
				<string>3669894129EB1938A4977A5D</string>
			</array>
			<key>isa</key>
			<string>PBXGroup</string>
			<key>path</key>
			<string>UtilityMethods</string>
			<key>sourceTree</key>
			<string>&lt;group&gt;</string>
		</dict>
		<key>3669891B6A1DC545E9E6A210</key>
		<dict>
			<key>fileEncoding</key>
			<string>4</string>
			<key>isa</key>
			<string>PBXFileReference</string>
			<key>lastKnownFileType</key>
			<string>sourcecode.c.h</string>
			<key>path</key>
			<string>Venue.h</string>
			<key>sourceTree</key>
			<string>&lt;group&gt;</string>
		</dict>
		<key>3669894129EB1938A4977A5D</key>
		<dict>
			<key>fileEncoding</key>
			<string>4</string>
			<key>isa</key>
			<string>PBXFileReference</string>
			<key>lastKnownFileType</key>
			<string>sourcecode.c.objc</string>
			<key>path</key>
			<string>NSFetchedResultsController+LoggedFetch.m</string>
			<key>sourceTree</key>
			<string>&lt;group&gt;</string>
		</dict>
		<key>3669895830ABACAB0F10D616</key>
		<dict>
			<key>fileEncoding</key>
			<string>4</string>
			<key>isa</key>
			<string>PBXFileReference</string>
			<key>lastKnownFileType</key>
			<string>sourcecode.c.objc</string>
			<key>path</key>
			<string>BOStore.m</string>
			<key>sourceTree</key>
			<string>&lt;group&gt;</string>
		</dict>
		<key>366989E1DF0484A3F07B9743</key>
		<dict>
			<key>fileEncoding</key>
			<string>4</string>
			<key>isa</key>
			<string>PBXFileReference</string>
			<key>lastKnownFileType</key>
			<string>sourcecode.c.h</string>
			<key>path</key>
			<string>Venue.h</string>
			<key>sourceTree</key>
			<string>&lt;group&gt;</string>
		</dict>
		<key>36698A0B890FDFD887388D17</key>
		<dict>
			<key>fileRef</key>
			<string>366987A5296887CEE9B22849</string>
			<key>isa</key>
			<string>PBXBuildFile</string>
		</dict>
		<key>36698A0BC65C74696F7E1108</key>
		<dict>
			<key>fileRef</key>
			<string>3669843463C599680F414669</string>
			<key>isa</key>
			<string>PBXBuildFile</string>
		</dict>
		<key>36698A36791F2E2EACB79736</key>
		<dict>
			<key>fileEncoding</key>
			<string>4</string>
			<key>isa</key>
			<string>PBXFileReference</string>
			<key>lastKnownFileType</key>
			<string>sourcecode.c.h</string>
			<key>path</key>
			<string>BOUtilityMethods.h</string>
			<key>sourceTree</key>
			<string>&lt;group&gt;</string>
		</dict>
		<key>36698AA4F210890B13037C00</key>
		<dict>
			<key>fileEncoding</key>
			<string>4</string>
			<key>isa</key>
			<string>PBXFileReference</string>
			<key>lastKnownFileType</key>
			<string>sourcecode.c.objc</string>
			<key>path</key>
			<string>BOManagedObject.m</string>
			<key>sourceTree</key>
			<string>&lt;group&gt;</string>
		</dict>
		<key>36698AECB11D18C929FB9D29</key>
		<dict>
			<key>fileEncoding</key>
			<string>4</string>
			<key>isa</key>
			<string>PBXFileReference</string>
			<key>lastKnownFileType</key>
			<string>sourcecode.c.h</string>
			<key>path</key>
			<string>VenueImportOperation.h</string>
			<key>sourceTree</key>
			<string>&lt;group&gt;</string>
		</dict>
		<key>36698B26276190E1B94D20A9</key>
		<dict>
			<key>children</key>
			<array>
				<string>366983BC6F2234E4C13583EF</string>
				<string>3669883410D89CA0A54F303A</string>
				<string>366981BB6B0DC08C1BC73E7C</string>
				<string>36698E36E897565965CAD357</string>
				<string>36698D0AA169E6A4AA224BEB</string>
				<string>36698782D6C0A08D3CE376F5</string>
				<string>366986C8C538FADD30D33FD8</string>
			</array>
			<key>isa</key>
			<string>PBXGroup</string>
			<key>path</key>
			<string>ServerInputProcessing</string>
			<key>sourceTree</key>
			<string>&lt;group&gt;</string>
		</dict>
		<key>36698B29271EBAA978C721EA</key>
		<dict>
			<key>fileEncoding</key>
			<string>4</string>
			<key>isa</key>
			<string>PBXFileReference</string>
			<key>lastKnownFileType</key>
			<string>sourcecode.c.objc</string>
			<key>path</key>
			<string>BOSimpleManagedObject.m</string>
			<key>sourceTree</key>
			<string>&lt;group&gt;</string>
		</dict>
		<key>36698B726AB14AE752D1ED08</key>
		<dict>
			<key>fileRef</key>
			<string>366982DBC55C5D4DA2CEC479</string>
			<key>isa</key>
			<string>PBXBuildFile</string>
		</dict>
		<key>36698C1D04E6362E715BF3BA</key>
		<dict>
			<key>fileEncoding</key>
			<string>4</string>
			<key>isa</key>
			<string>PBXFileReference</string>
			<key>lastKnownFileType</key>
			<string>sourcecode.c.objc</string>
			<key>path</key>
			<string>BOAPIClient.m</string>
			<key>sourceTree</key>
			<string>&lt;group&gt;</string>
		</dict>
		<key>36698C2D088F9B3D1DF6F593</key>
		<dict>
			<key>fileRef</key>
			<string>36698D0AA169E6A4AA224BEB</string>
			<key>isa</key>
			<string>PBXBuildFile</string>
		</dict>
		<key>36698CC13E83CE5841875989</key>
		<dict>
			<key>fileEncoding</key>
			<string>4</string>
			<key>isa</key>
			<string>PBXFileReference</string>
			<key>lastKnownFileType</key>
			<string>sourcecode.c.objc</string>
			<key>path</key>
			<string>BOCDImportOperation.m</string>
			<key>sourceTree</key>
			<string>&lt;group&gt;</string>
		</dict>
		<key>36698D0072CB30718EC99F5E</key>
		<dict>
			<key>fileEncoding</key>
			<string>4</string>
			<key>isa</key>
			<string>PBXFileReference</string>
			<key>lastKnownFileType</key>
			<string>sourcecode.c.objc</string>
			<key>path</key>
			<string>BOVenueTableViewCell.m</string>
			<key>sourceTree</key>
			<string>&lt;group&gt;</string>
		</dict>
		<key>36698D0AA169E6A4AA224BEB</key>
		<dict>
			<key>fileEncoding</key>
			<string>4</string>
			<key>isa</key>
			<string>PBXFileReference</string>
			<key>lastKnownFileType</key>
			<string>sourcecode.c.objc</string>
			<key>path</key>
			<string>FRCViewController.m</string>
			<key>sourceTree</key>
			<string>&lt;group&gt;</string>
		</dict>
		<key>36698D9EB5A2446BBD834997</key>
		<dict>
			<key>fileEncoding</key>
			<string>4</string>
			<key>isa</key>
			<string>PBXFileReference</string>
			<key>lastKnownFileType</key>
			<string>sourcecode.c.h</string>
			<key>path</key>
			<string>BOManagedObject.h</string>
			<key>sourceTree</key>
			<string>&lt;group&gt;</string>
		</dict>
		<key>36698DE79B8FBE92EBBB0F5C</key>
		<dict>
			<key>fileRef</key>
			<string>3669895830ABACAB0F10D616</string>
			<key>isa</key>
			<string>PBXBuildFile</string>
		</dict>
		<key>36698E36E897565965CAD357</key>
		<dict>
			<key>fileEncoding</key>
			<string>4</string>
			<key>isa</key>
			<string>PBXFileReference</string>
			<key>lastKnownFileType</key>
			<string>sourcecode.c.h</string>
			<key>path</key>
			<string>FRCViewController.h</string>
			<key>sourceTree</key>
			<string>&lt;group&gt;</string>
		</dict>
		<key>36698F0E1A841010A57BD285</key>
		<dict>
			<key>fileEncoding</key>
			<string>4</string>
			<key>isa</key>
			<string>PBXFileReference</string>
			<key>lastKnownFileType</key>
			<string>sourcecode.c.h</string>
			<key>path</key>
			<string>BOAPIClient.h</string>
			<key>sourceTree</key>
			<string>&lt;group&gt;</string>
		</dict>
		<key>5F5B6760256541379BAAF5DE</key>
		<dict>
			<key>buildActionMask</key>
			<string>2147483647</string>
			<key>files</key>
			<array/>
			<key>inputPaths</key>
			<array/>
			<key>isa</key>
			<string>PBXShellScriptBuildPhase</string>
			<key>name</key>
			<string>Copy Pods Resources</string>
			<key>outputPaths</key>
			<array/>
			<key>runOnlyForDeploymentPostprocessing</key>
			<string>0</string>
			<key>shellPath</key>
			<string>/bin/sh</string>
			<key>shellScript</key>
			<string>"${SRCROOT}/Pods/Pods-resources.sh"
</string>
			<key>showEnvVarsInLog</key>
			<string>0</string>
		</dict>
		<key>6577D2A4A4564C8287611401</key>
		<dict>
			<key>explicitFileType</key>
			<string>archive.ar</string>
			<key>includeInIndex</key>
			<string>0</string>
			<key>isa</key>
			<string>PBXFileReference</string>
			<key>path</key>
			<string>libPods.a</string>
			<key>sourceTree</key>
			<string>BUILT_PRODUCTS_DIR</string>
		</dict>
		<key>77CD42E886BB408280202B57</key>
		<dict>
			<key>fileRef</key>
			<string>6577D2A4A4564C8287611401</string>
			<key>isa</key>
			<string>PBXBuildFile</string>
		</dict>
		<key>A15F09E1C78542E4B9F3261E</key>
		<dict>
			<key>buildActionMask</key>
			<string>2147483647</string>
			<key>files</key>
			<array/>
			<key>inputPaths</key>
			<array/>
			<key>isa</key>
			<string>PBXShellScriptBuildPhase</string>
			<key>name</key>
			<string>Check Pods Manifest.lock</string>
			<key>outputPaths</key>
			<array/>
			<key>runOnlyForDeploymentPostprocessing</key>
			<string>0</string>
			<key>shellPath</key>
			<string>/bin/sh</string>
			<key>shellScript</key>
			<string>diff "${PODS_ROOT}/../Podfile.lock" "${PODS_ROOT}/Manifest.lock" &gt; /dev/null
if [[ $? != 0 ]] ; then
    cat &lt;&lt; EOM
error: The sandbox is not in sync with the Podfile.lock. Run 'pod install' or update your CocoaPods installation.
EOM
    exit 1
fi
</string>
			<key>showEnvVarsInLog</key>
			<string>0</string>
		</dict>
		<key>EA08CFB6193E9FF0007B733B</key>
		<dict>
			<key>children</key>
			<array>
				<string>EA08CFCA193E9FF0007B733B</string>
				<string>EA08CFE7193E9FF0007B733B</string>
				<string>EA08CFC1193E9FF0007B733B</string>
				<string>EA08CFC0193E9FF0007B733B</string>
				<string>14AFDF88837B40F69C7F7B15</string>
			</array>
			<key>isa</key>
			<string>PBXGroup</string>
			<key>sourceTree</key>
			<string>&lt;group&gt;</string>
		</dict>
		<key>EA08CFB7193E9FF0007B733B</key>
		<dict>
			<key>attributes</key>
			<dict>
				<key>CLASSPREFIX</key>
				<string>BO</string>
				<key>LastUpgradeCheck</key>
				<string>0510</string>
				<key>ORGANIZATIONNAME</key>
				<string>Bright Origin</string>
				<key>TargetAttributes</key>
				<dict>
					<key>EA08CFDE193E9FF0007B733B</key>
					<dict>
						<key>TestTargetID</key>
						<string>EA08CFBE193E9FF0007B733B</string>
					</dict>
				</dict>
			</dict>
			<key>buildConfigurationList</key>
			<string>EA08CFBA193E9FF0007B733B</string>
			<key>compatibilityVersion</key>
			<string>Xcode 3.2</string>
			<key>developmentRegion</key>
			<string>English</string>
			<key>hasScannedForEncodings</key>
			<string>0</string>
			<key>isa</key>
			<string>PBXProject</string>
			<key>knownRegions</key>
			<array>
				<string>en</string>
			</array>
			<key>mainGroup</key>
			<string>EA08CFB6193E9FF0007B733B</string>
			<key>productRefGroup</key>
			<string>EA08CFC0193E9FF0007B733B</string>
			<key>projectDirPath</key>
			<string></string>
			<key>projectReferences</key>
			<array/>
			<key>projectRoot</key>
			<string></string>
			<key>targets</key>
			<array>
				<string>EA08CFBE193E9FF0007B733B</string>
				<string>EA08CFDE193E9FF0007B733B</string>
			</array>
		</dict>
		<key>EA08CFBA193E9FF0007B733B</key>
		<dict>
			<key>buildConfigurations</key>
			<array>
				<string>EA08CFEF193E9FF0007B733B</string>
				<string>EA08CFF0193E9FF0007B733B</string>
			</array>
			<key>defaultConfigurationIsVisible</key>
			<string>0</string>
			<key>defaultConfigurationName</key>
			<string>Release</string>
			<key>isa</key>
			<string>XCConfigurationList</string>
		</dict>
		<key>EA08CFBB193E9FF0007B733B</key>
		<dict>
			<key>buildActionMask</key>
			<string>2147483647</string>
			<key>files</key>
			<array>
				<string>EA08CFD1193E9FF0007B733B</string>
				<string>EA08CFD8193E9FF0007B733B</string>
				<string>EA08CFD5193E9FF0007B733B</string>
				<string>366980DC01495DD2E7ADDB50</string>
				<string>3669848613EFF4DD947353EF</string>
				<string>3669811D0B85BCE9CFA4EF0C</string>
				<string>3669851782F13E5665158A84</string>
				<string>3669867D3BC305BBDC4736E5</string>
				<string>36698A0B890FDFD887388D17</string>
				<string>36698DE79B8FBE92EBBB0F5C</string>
				<string>3669884C267B5DD4D83B27D1</string>
				<string>3669884DED9FDB1FC60DC855</string>
				<string>3669868C1FEB28CEA92E2CB8</string>
				<string>366986DF71F6E406EFAD2ED7</string>
				<string>36698C2D088F9B3D1DF6F593</string>
				<string>3669873EAF93751106E0083A</string>
				<string>36698B726AB14AE752D1ED08</string>
				<string>3669887279CE6B835EC99D73</string>
				<string>36698A0BC65C74696F7E1108</string>
				<string>36698720BA7489E2BD021ADB</string>
				<string>36698518CDACAF7961D6EDB0</string>
			</array>
			<key>isa</key>
			<string>PBXSourcesBuildPhase</string>
			<key>runOnlyForDeploymentPostprocessing</key>
			<string>0</string>
		</dict>
		<key>EA08CFBC193E9FF0007B733B</key>
		<dict>
			<key>buildActionMask</key>
			<string>2147483647</string>
			<key>files</key>
			<array>
				<string>EA08CFC5193E9FF0007B733B</string>
				<string>EA08CFC9193E9FF0007B733B</string>
				<string>EA08CFC7193E9FF0007B733B</string>
				<string>EA08CFC3193E9FF0007B733B</string>
				<string>77CD42E886BB408280202B57</string>
			</array>
			<key>isa</key>
			<string>PBXFrameworksBuildPhase</string>
			<key>runOnlyForDeploymentPostprocessing</key>
			<string>0</string>
		</dict>
		<key>EA08CFBD193E9FF0007B733B</key>
		<dict>
			<key>buildActionMask</key>
			<string>2147483647</string>
			<key>files</key>
			<array>
				<string>EA08CFCF193E9FF0007B733B</string>
				<string>EA08CFDA193E9FF0007B733B</string>
			</array>
			<key>isa</key>
			<string>PBXResourcesBuildPhase</string>
			<key>runOnlyForDeploymentPostprocessing</key>
			<string>0</string>
		</dict>
		<key>EA08CFBE193E9FF0007B733B</key>
		<dict>
			<key>buildConfigurationList</key>
			<string>EA08CFF1193E9FF0007B733B</string>
			<key>buildPhases</key>
			<array>
				<string>A15F09E1C78542E4B9F3261E</string>
				<string>EA08CFBB193E9FF0007B733B</string>
				<string>EA08CFBC193E9FF0007B733B</string>
				<string>EA08CFBD193E9FF0007B733B</string>
				<string>5F5B6760256541379BAAF5DE</string>
			</array>
			<key>buildRules</key>
			<array/>
			<key>dependencies</key>
			<array/>
			<key>isa</key>
			<string>PBXNativeTarget</string>
			<key>name</key>
			<string>OriginApp</string>
			<key>productName</key>
			<string>OriginApp</string>
			<key>productReference</key>
			<string>EA08CFBF193E9FF0007B733B</string>
			<key>productType</key>
			<string>com.apple.product-type.application</string>
		</dict>
		<key>EA08CFBF193E9FF0007B733B</key>
		<dict>
			<key>explicitFileType</key>
			<string>wrapper.application</string>
			<key>includeInIndex</key>
			<string>0</string>
			<key>isa</key>
			<string>PBXFileReference</string>
			<key>path</key>
			<string>OriginApp.app</string>
			<key>sourceTree</key>
			<string>BUILT_PRODUCTS_DIR</string>
		</dict>
		<key>EA08CFC0193E9FF0007B733B</key>
		<dict>
			<key>children</key>
			<array>
				<string>EA08CFBF193E9FF0007B733B</string>
				<string>EA08CFDF193E9FF0007B733B</string>
			</array>
			<key>isa</key>
			<string>PBXGroup</string>
			<key>name</key>
			<string>Products</string>
			<key>sourceTree</key>
			<string>&lt;group&gt;</string>
		</dict>
		<key>EA08CFC1193E9FF0007B733B</key>
		<dict>
			<key>children</key>
			<array>
				<string>EA08CFC2193E9FF0007B733B</string>
				<string>EA08CFC4193E9FF0007B733B</string>
				<string>EA08CFC6193E9FF0007B733B</string>
				<string>EA08CFC8193E9FF0007B733B</string>
				<string>EA08CFE0193E9FF0007B733B</string>
				<string>6577D2A4A4564C8287611401</string>
			</array>
			<key>isa</key>
			<string>PBXGroup</string>
			<key>name</key>
			<string>Frameworks</string>
			<key>sourceTree</key>
			<string>&lt;group&gt;</string>
		</dict>
		<key>EA08CFC2193E9FF0007B733B</key>
		<dict>
			<key>isa</key>
			<string>PBXFileReference</string>
			<key>lastKnownFileType</key>
			<string>wrapper.framework</string>
			<key>name</key>
			<string>Foundation.framework</string>
			<key>path</key>
			<string>System/Library/Frameworks/Foundation.framework</string>
			<key>sourceTree</key>
			<string>SDKROOT</string>
		</dict>
		<key>EA08CFC3193E9FF0007B733B</key>
		<dict>
			<key>fileRef</key>
			<string>EA08CFC2193E9FF0007B733B</string>
			<key>isa</key>
			<string>PBXBuildFile</string>
		</dict>
		<key>EA08CFC4193E9FF0007B733B</key>
		<dict>
			<key>isa</key>
			<string>PBXFileReference</string>
			<key>lastKnownFileType</key>
			<string>wrapper.framework</string>
			<key>name</key>
			<string>CoreGraphics.framework</string>
			<key>path</key>
			<string>System/Library/Frameworks/CoreGraphics.framework</string>
			<key>sourceTree</key>
			<string>SDKROOT</string>
		</dict>
		<key>EA08CFC5193E9FF0007B733B</key>
		<dict>
			<key>fileRef</key>
			<string>EA08CFC4193E9FF0007B733B</string>
			<key>isa</key>
			<string>PBXBuildFile</string>
		</dict>
		<key>EA08CFC6193E9FF0007B733B</key>
		<dict>
			<key>isa</key>
			<string>PBXFileReference</string>
			<key>lastKnownFileType</key>
			<string>wrapper.framework</string>
			<key>name</key>
			<string>UIKit.framework</string>
			<key>path</key>
			<string>System/Library/Frameworks/UIKit.framework</string>
			<key>sourceTree</key>
			<string>SDKROOT</string>
		</dict>
		<key>EA08CFC7193E9FF0007B733B</key>
		<dict>
			<key>fileRef</key>
			<string>EA08CFC6193E9FF0007B733B</string>
			<key>isa</key>
			<string>PBXBuildFile</string>
		</dict>
		<key>EA08CFC8193E9FF0007B733B</key>
		<dict>
			<key>isa</key>
			<string>PBXFileReference</string>
			<key>lastKnownFileType</key>
			<string>wrapper.framework</string>
			<key>name</key>
			<string>CoreData.framework</string>
			<key>path</key>
			<string>System/Library/Frameworks/CoreData.framework</string>
			<key>sourceTree</key>
			<string>SDKROOT</string>
		</dict>
		<key>EA08CFC9193E9FF0007B733B</key>
		<dict>
			<key>fileRef</key>
			<string>EA08CFC8193E9FF0007B733B</string>
			<key>isa</key>
			<string>PBXBuildFile</string>
		</dict>
		<key>EA08CFCA193E9FF0007B733B</key>
		<dict>
			<key>children</key>
			<array>
				<string>EA08CFD3193E9FF0007B733B</string>
				<string>EA08CFD4193E9FF0007B733B</string>
				<string>EA08CFD9193E9FF0007B733B</string>
				<string>EA08CFD6193E9FF0007B733B</string>
				<string>EA08CFCB193E9FF0007B733B</string>
				<string>36698F0E1A841010A57BD285</string>
				<string>36698C1D04E6362E715BF3BA</string>
				<string>3669800A249C820D48127D0B</string>
				<string>36698CC13E83CE5841875989</string>
				<string>366980BBB94B2EE34C9C67FE</string>
				<string>36698D0072CB30718EC99F5E</string>
				<string>366983092ACF9F9EFE823E9A</string>
				<string>36698342622FD36E33B9BBCC</string>
				<string>3669869A836C796B3003A67B</string>
				<string>3669891B6A1DC545E9E6A210</string>
				<string>366987A5296887CEE9B22849</string>
				<string>36698B26276190E1B94D20A9</string>
				<string>366988BB25F396752FB2DD7D</string>
				<string>36698AECB11D18C929FB9D29</string>
				<string>36698823BEE92EEF9262F0E0</string>
			</array>
			<key>isa</key>
			<string>PBXGroup</string>
			<key>path</key>
			<string>OriginApp</string>
			<key>sourceTree</key>
			<string>&lt;group&gt;</string>
		</dict>
		<key>EA08CFCB193E9FF0007B733B</key>
		<dict>
			<key>children</key>
			<array>
				<string>EA08CFCC193E9FF0007B733B</string>
				<string>EA08CFCD193E9FF0007B733B</string>
				<string>EA08CFD0193E9FF0007B733B</string>
				<string>EA08CFD2193E9FF0007B733B</string>
			</array>
			<key>isa</key>
			<string>PBXGroup</string>
			<key>name</key>
			<string>Supporting Files</string>
			<key>sourceTree</key>
			<string>&lt;group&gt;</string>
		</dict>
		<key>EA08CFCC193E9FF0007B733B</key>
		<dict>
			<key>isa</key>
			<string>PBXFileReference</string>
			<key>lastKnownFileType</key>
			<string>text.plist.xml</string>
			<key>path</key>
			<string>OriginApp-Info.plist</string>
			<key>sourceTree</key>
			<string>&lt;group&gt;</string>
		</dict>
		<key>EA08CFCD193E9FF0007B733B</key>
		<dict>
			<key>children</key>
			<array>
				<string>EA08CFCE193E9FF0007B733B</string>
			</array>
			<key>isa</key>
			<string>PBXVariantGroup</string>
			<key>name</key>
			<string>InfoPlist.strings</string>
			<key>sourceTree</key>
			<string>&lt;group&gt;</string>
		</dict>
		<key>EA08CFCE193E9FF0007B733B</key>
		<dict>
			<key>isa</key>
			<string>PBXFileReference</string>
			<key>lastKnownFileType</key>
			<string>text.plist.strings</string>
			<key>name</key>
			<string>en</string>
			<key>path</key>
			<string>en.lproj/InfoPlist.strings</string>
			<key>sourceTree</key>
			<string>&lt;group&gt;</string>
		</dict>
		<key>EA08CFCF193E9FF0007B733B</key>
		<dict>
			<key>fileRef</key>
			<string>EA08CFCD193E9FF0007B733B</string>
			<key>isa</key>
			<string>PBXBuildFile</string>
		</dict>
		<key>EA08CFD0193E9FF0007B733B</key>
		<dict>
			<key>isa</key>
			<string>PBXFileReference</string>
			<key>lastKnownFileType</key>
			<string>sourcecode.c.objc</string>
			<key>path</key>
			<string>main.m</string>
			<key>sourceTree</key>
			<string>&lt;group&gt;</string>
		</dict>
		<key>EA08CFD1193E9FF0007B733B</key>
		<dict>
			<key>fileRef</key>
			<string>EA08CFD0193E9FF0007B733B</string>
			<key>isa</key>
			<string>PBXBuildFile</string>
		</dict>
		<key>EA08CFD2193E9FF0007B733B</key>
		<dict>
			<key>isa</key>
			<string>PBXFileReference</string>
			<key>lastKnownFileType</key>
			<string>sourcecode.c.h</string>
			<key>path</key>
			<string>OriginApp-Prefix.pch</string>
			<key>sourceTree</key>
			<string>&lt;group&gt;</string>
		</dict>
		<key>EA08CFD3193E9FF0007B733B</key>
		<dict>
			<key>isa</key>
			<string>PBXFileReference</string>
			<key>lastKnownFileType</key>
			<string>sourcecode.c.h</string>
			<key>path</key>
			<string>BOAppDelegate.h</string>
			<key>sourceTree</key>
			<string>&lt;group&gt;</string>
		</dict>
		<key>EA08CFD4193E9FF0007B733B</key>
		<dict>
			<key>isa</key>
			<string>PBXFileReference</string>
			<key>lastKnownFileType</key>
			<string>sourcecode.c.objc</string>
			<key>path</key>
			<string>BOAppDelegate.m</string>
			<key>sourceTree</key>
			<string>&lt;group&gt;</string>
		</dict>
		<key>EA08CFD5193E9FF0007B733B</key>
		<dict>
			<key>fileRef</key>
			<string>EA08CFD4193E9FF0007B733B</string>
			<key>isa</key>
			<string>PBXBuildFile</string>
		</dict>
		<key>EA08CFD6193E9FF0007B733B</key>
		<dict>
			<key>children</key>
			<array>
				<string>EA08CFD7193E9FF0007B733B</string>
			</array>
			<key>currentVersion</key>
			<string>EA08CFD7193E9FF0007B733B</string>
			<key>isa</key>
			<string>XCVersionGroup</string>
			<key>path</key>
			<string>OriginApp.xcdatamodeld</string>
			<key>sourceTree</key>
			<string>&lt;group&gt;</string>
			<key>versionGroupType</key>
			<string>wrapper.xcdatamodel</string>
		</dict>
		<key>EA08CFD7193E9FF0007B733B</key>
		<dict>
			<key>isa</key>
			<string>PBXFileReference</string>
			<key>lastKnownFileType</key>
			<string>wrapper.xcdatamodel</string>
			<key>path</key>
			<string>OriginApp.xcdatamodel</string>
			<key>sourceTree</key>
			<string>&lt;group&gt;</string>
		</dict>
		<key>EA08CFD8193E9FF0007B733B</key>
		<dict>
			<key>fileRef</key>
			<string>EA08CFD6193E9FF0007B733B</string>
			<key>isa</key>
			<string>PBXBuildFile</string>
		</dict>
		<key>EA08CFD9193E9FF0007B733B</key>
		<dict>
			<key>isa</key>
			<string>PBXFileReference</string>
			<key>lastKnownFileType</key>
			<string>folder.assetcatalog</string>
			<key>path</key>
			<string>Images.xcassets</string>
			<key>sourceTree</key>
			<string>&lt;group&gt;</string>
		</dict>
		<key>EA08CFDA193E9FF0007B733B</key>
		<dict>
			<key>fileRef</key>
			<string>EA08CFD9193E9FF0007B733B</string>
			<key>isa</key>
			<string>PBXBuildFile</string>
		</dict>
		<key>EA08CFDB193E9FF0007B733B</key>
		<dict>
			<key>buildActionMask</key>
			<string>2147483647</string>
			<key>files</key>
			<array>
				<string>EA08CFEE193E9FF0007B733B</string>
			</array>
			<key>isa</key>
			<string>PBXSourcesBuildPhase</string>
			<key>runOnlyForDeploymentPostprocessing</key>
			<string>0</string>
		</dict>
		<key>EA08CFDC193E9FF0007B733B</key>
		<dict>
			<key>buildActionMask</key>
			<string>2147483647</string>
			<key>files</key>
			<array>
				<string>EA08CFE1193E9FF0007B733B</string>
				<string>EA08CFE4193E9FF0007B733B</string>
				<string>EA08CFE3193E9FF0007B733B</string>
				<string>EA08CFE2193E9FF0007B733B</string>
			</array>
			<key>isa</key>
			<string>PBXFrameworksBuildPhase</string>
			<key>runOnlyForDeploymentPostprocessing</key>
			<string>0</string>
		</dict>
		<key>EA08CFDD193E9FF0007B733B</key>
		<dict>
			<key>buildActionMask</key>
			<string>2147483647</string>
			<key>files</key>
			<array>
				<string>EA08CFEC193E9FF0007B733B</string>
			</array>
			<key>isa</key>
			<string>PBXResourcesBuildPhase</string>
			<key>runOnlyForDeploymentPostprocessing</key>
			<string>0</string>
		</dict>
		<key>EA08CFDE193E9FF0007B733B</key>
		<dict>
			<key>buildConfigurationList</key>
			<string>EA08CFF4193E9FF0007B733B</string>
			<key>buildPhases</key>
			<array>
				<string>EA08CFDB193E9FF0007B733B</string>
				<string>EA08CFDC193E9FF0007B733B</string>
				<string>EA08CFDD193E9FF0007B733B</string>
			</array>
			<key>buildRules</key>
			<array/>
			<key>dependencies</key>
			<array>
				<string>EA08CFE6193E9FF0007B733B</string>
			</array>
			<key>isa</key>
			<string>PBXNativeTarget</string>
			<key>name</key>
			<string>OriginAppTests</string>
			<key>productName</key>
			<string>OriginAppTests</string>
			<key>productReference</key>
			<string>EA08CFDF193E9FF0007B733B</string>
			<key>productType</key>
			<string>com.apple.product-type.bundle.unit-test</string>
		</dict>
		<key>EA08CFDF193E9FF0007B733B</key>
		<dict>
			<key>explicitFileType</key>
			<string>wrapper.cfbundle</string>
			<key>includeInIndex</key>
			<string>0</string>
			<key>isa</key>
			<string>PBXFileReference</string>
			<key>path</key>
			<string>OriginAppTests.xctest</string>
			<key>sourceTree</key>
			<string>BUILT_PRODUCTS_DIR</string>
		</dict>
		<key>EA08CFE0193E9FF0007B733B</key>
		<dict>
			<key>isa</key>
			<string>PBXFileReference</string>
			<key>lastKnownFileType</key>
			<string>wrapper.framework</string>
			<key>name</key>
			<string>XCTest.framework</string>
			<key>path</key>
			<string>Library/Frameworks/XCTest.framework</string>
			<key>sourceTree</key>
			<string>DEVELOPER_DIR</string>
		</dict>
		<key>EA08CFE1193E9FF0007B733B</key>
		<dict>
			<key>fileRef</key>
			<string>EA08CFE0193E9FF0007B733B</string>
			<key>isa</key>
			<string>PBXBuildFile</string>
		</dict>
		<key>EA08CFE2193E9FF0007B733B</key>
		<dict>
			<key>fileRef</key>
			<string>EA08CFC2193E9FF0007B733B</string>
			<key>isa</key>
			<string>PBXBuildFile</string>
		</dict>
		<key>EA08CFE3193E9FF0007B733B</key>
		<dict>
			<key>fileRef</key>
			<string>EA08CFC6193E9FF0007B733B</string>
			<key>isa</key>
			<string>PBXBuildFile</string>
		</dict>
		<key>EA08CFE4193E9FF0007B733B</key>
		<dict>
			<key>fileRef</key>
			<string>EA08CFC8193E9FF0007B733B</string>
			<key>isa</key>
			<string>PBXBuildFile</string>
		</dict>
		<key>EA08CFE5193E9FF0007B733B</key>
		<dict>
			<key>containerPortal</key>
			<string>EA08CFB7193E9FF0007B733B</string>
			<key>isa</key>
			<string>PBXContainerItemProxy</string>
			<key>proxyType</key>
			<string>1</string>
			<key>remoteGlobalIDString</key>
			<string>EA08CFBE193E9FF0007B733B</string>
			<key>remoteInfo</key>
			<string>OriginApp</string>
		</dict>
		<key>EA08CFE6193E9FF0007B733B</key>
		<dict>
			<key>isa</key>
			<string>PBXTargetDependency</string>
			<key>target</key>
			<string>EA08CFBE193E9FF0007B733B</string>
			<key>targetProxy</key>
			<string>EA08CFE5193E9FF0007B733B</string>
		</dict>
		<key>EA08CFE7193E9FF0007B733B</key>
		<dict>
			<key>children</key>
			<array>
				<string>EA08CFED193E9FF0007B733B</string>
				<string>EA08CFE8193E9FF0007B733B</string>
			</array>
			<key>isa</key>
			<string>PBXGroup</string>
			<key>path</key>
			<string>OriginAppTests</string>
			<key>sourceTree</key>
			<string>&lt;group&gt;</string>
		</dict>
		<key>EA08CFE8193E9FF0007B733B</key>
		<dict>
			<key>children</key>
			<array>
				<string>EA08CFE9193E9FF0007B733B</string>
				<string>EA08CFEA193E9FF0007B733B</string>
			</array>
			<key>isa</key>
			<string>PBXGroup</string>
			<key>name</key>
			<string>Supporting Files</string>
			<key>sourceTree</key>
			<string>&lt;group&gt;</string>
		</dict>
		<key>EA08CFE9193E9FF0007B733B</key>
		<dict>
			<key>isa</key>
			<string>PBXFileReference</string>
			<key>lastKnownFileType</key>
			<string>text.plist.xml</string>
			<key>path</key>
			<string>OriginAppTests-Info.plist</string>
			<key>sourceTree</key>
			<string>&lt;group&gt;</string>
		</dict>
		<key>EA08CFEA193E9FF0007B733B</key>
		<dict>
			<key>children</key>
			<array>
				<string>EA08CFEB193E9FF0007B733B</string>
			</array>
			<key>isa</key>
			<string>PBXVariantGroup</string>
			<key>name</key>
			<string>InfoPlist.strings</string>
			<key>sourceTree</key>
			<string>&lt;group&gt;</string>
		</dict>
		<key>EA08CFEB193E9FF0007B733B</key>
		<dict>
			<key>isa</key>
			<string>PBXFileReference</string>
			<key>lastKnownFileType</key>
			<string>text.plist.strings</string>
			<key>name</key>
			<string>en</string>
			<key>path</key>
			<string>en.lproj/InfoPlist.strings</string>
			<key>sourceTree</key>
			<string>&lt;group&gt;</string>
		</dict>
		<key>EA08CFEC193E9FF0007B733B</key>
		<dict>
			<key>fileRef</key>
			<string>EA08CFEA193E9FF0007B733B</string>
			<key>isa</key>
			<string>PBXBuildFile</string>
		</dict>
		<key>EA08CFED193E9FF0007B733B</key>
		<dict>
			<key>isa</key>
			<string>PBXFileReference</string>
			<key>lastKnownFileType</key>
			<string>sourcecode.c.objc</string>
			<key>path</key>
			<string>OriginAppTests.m</string>
			<key>sourceTree</key>
			<string>&lt;group&gt;</string>
		</dict>
		<key>EA08CFEE193E9FF0007B733B</key>
		<dict>
			<key>fileRef</key>
			<string>EA08CFED193E9FF0007B733B</string>
			<key>isa</key>
			<string>PBXBuildFile</string>
		</dict>
		<key>EA08CFEF193E9FF0007B733B</key>
		<dict>
			<key>buildSettings</key>
			<dict>
				<key>ALWAYS_SEARCH_USER_PATHS</key>
				<string>NO</string>
				<key>CLANG_CXX_LANGUAGE_STANDARD</key>
				<string>gnu++0x</string>
				<key>CLANG_CXX_LIBRARY</key>
				<string>libc++</string>
				<key>CLANG_ENABLE_MODULES</key>
				<string>YES</string>
				<key>CLANG_ENABLE_OBJC_ARC</key>
				<string>YES</string>
				<key>CLANG_WARN_BOOL_CONVERSION</key>
				<string>YES</string>
				<key>CLANG_WARN_CONSTANT_CONVERSION</key>
				<string>YES</string>
				<key>CLANG_WARN_DIRECT_OBJC_ISA_USAGE</key>
				<string>YES_ERROR</string>
				<key>CLANG_WARN_EMPTY_BODY</key>
				<string>YES</string>
				<key>CLANG_WARN_ENUM_CONVERSION</key>
				<string>YES</string>
				<key>CLANG_WARN_INT_CONVERSION</key>
				<string>YES</string>
				<key>CLANG_WARN_OBJC_ROOT_CLASS</key>
				<string>YES_ERROR</string>
				<key>CLANG_WARN__DUPLICATE_METHOD_MATCH</key>
				<string>YES</string>
				<key>CODE_SIGN_IDENTITY[sdk=iphoneos*]</key>
				<string>iPhone Developer</string>
				<key>COPY_PHASE_STRIP</key>
				<string>NO</string>
				<key>GCC_C_LANGUAGE_STANDARD</key>
				<string>gnu99</string>
				<key>GCC_DYNAMIC_NO_PIC</key>
				<string>NO</string>
				<key>GCC_OPTIMIZATION_LEVEL</key>
				<string>0</string>
				<key>GCC_PREPROCESSOR_DEFINITIONS</key>
				<array>
					<string>DEBUG=1</string>
					<string>$(inherited)</string>
				</array>
				<key>GCC_SYMBOLS_PRIVATE_EXTERN</key>
				<string>NO</string>
				<key>GCC_WARN_64_TO_32_BIT_CONVERSION</key>
				<string>YES</string>
				<key>GCC_WARN_ABOUT_RETURN_TYPE</key>
				<string>YES_ERROR</string>
				<key>GCC_WARN_UNDECLARED_SELECTOR</key>
				<string>YES</string>
				<key>GCC_WARN_UNINITIALIZED_AUTOS</key>
				<string>YES_AGGRESSIVE</string>
				<key>GCC_WARN_UNUSED_FUNCTION</key>
				<string>YES</string>
				<key>GCC_WARN_UNUSED_VARIABLE</key>
				<string>YES</string>
				<key>IPHONEOS_DEPLOYMENT_TARGET</key>
				<string>7.1</string>
				<key>ONLY_ACTIVE_ARCH</key>
				<string>YES</string>
				<key>SDKROOT</key>
				<string>iphoneos</string>
				<key>TARGETED_DEVICE_FAMILY</key>
				<string>1,2</string>
			</dict>
			<key>isa</key>
			<string>XCBuildConfiguration</string>
			<key>name</key>
			<string>Debug</string>
		</dict>
		<key>EA08CFF0193E9FF0007B733B</key>
		<dict>
			<key>buildSettings</key>
			<dict>
				<key>ALWAYS_SEARCH_USER_PATHS</key>
				<string>NO</string>
				<key>CLANG_CXX_LANGUAGE_STANDARD</key>
				<string>gnu++0x</string>
				<key>CLANG_CXX_LIBRARY</key>
				<string>libc++</string>
				<key>CLANG_ENABLE_MODULES</key>
				<string>YES</string>
				<key>CLANG_ENABLE_OBJC_ARC</key>
				<string>YES</string>
				<key>CLANG_WARN_BOOL_CONVERSION</key>
				<string>YES</string>
				<key>CLANG_WARN_CONSTANT_CONVERSION</key>
				<string>YES</string>
				<key>CLANG_WARN_DIRECT_OBJC_ISA_USAGE</key>
				<string>YES_ERROR</string>
				<key>CLANG_WARN_EMPTY_BODY</key>
				<string>YES</string>
				<key>CLANG_WARN_ENUM_CONVERSION</key>
				<string>YES</string>
				<key>CLANG_WARN_INT_CONVERSION</key>
				<string>YES</string>
				<key>CLANG_WARN_OBJC_ROOT_CLASS</key>
				<string>YES_ERROR</string>
				<key>CLANG_WARN__DUPLICATE_METHOD_MATCH</key>
				<string>YES</string>
				<key>CODE_SIGN_IDENTITY[sdk=iphoneos*]</key>
				<string>iPhone Developer</string>
				<key>COPY_PHASE_STRIP</key>
				<string>YES</string>
				<key>ENABLE_NS_ASSERTIONS</key>
				<string>NO</string>
				<key>GCC_C_LANGUAGE_STANDARD</key>
				<string>gnu99</string>
				<key>GCC_WARN_64_TO_32_BIT_CONVERSION</key>
				<string>YES</string>
				<key>GCC_WARN_ABOUT_RETURN_TYPE</key>
				<string>YES_ERROR</string>
				<key>GCC_WARN_UNDECLARED_SELECTOR</key>
				<string>YES</string>
				<key>GCC_WARN_UNINITIALIZED_AUTOS</key>
				<string>YES_AGGRESSIVE</string>
				<key>GCC_WARN_UNUSED_FUNCTION</key>
				<string>YES</string>
				<key>GCC_WARN_UNUSED_VARIABLE</key>
				<string>YES</string>
				<key>IPHONEOS_DEPLOYMENT_TARGET</key>
				<string>7.1</string>
				<key>SDKROOT</key>
				<string>iphoneos</string>
				<key>TARGETED_DEVICE_FAMILY</key>
				<string>1,2</string>
				<key>VALIDATE_PRODUCT</key>
				<string>YES</string>
			</dict>
			<key>isa</key>
			<string>XCBuildConfiguration</string>
			<key>name</key>
			<string>Release</string>
		</dict>
		<key>EA08CFF1193E9FF0007B733B</key>
		<dict>
			<key>buildConfigurations</key>
			<array>
				<string>EA08CFF2193E9FF0007B733B</string>
				<string>EA08CFF3193E9FF0007B733B</string>
			</array>
			<key>defaultConfigurationIsVisible</key>
			<string>0</string>
			<key>isa</key>
			<string>XCConfigurationList</string>
		</dict>
		<key>EA08CFF2193E9FF0007B733B</key>
		<dict>
			<key>baseConfigurationReference</key>
			<string>14AFDF88837B40F69C7F7B15</string>
			<key>buildSettings</key>
			<dict>
				<key>ASSETCATALOG_COMPILER_APPICON_NAME</key>
				<string>AppIcon</string>
				<key>ASSETCATALOG_COMPILER_LAUNCHIMAGE_NAME</key>
				<string>LaunchImage</string>
				<key>GCC_PRECOMPILE_PREFIX_HEADER</key>
				<string>YES</string>
				<key>GCC_PREFIX_HEADER</key>
				<string>OriginApp/OriginApp-Prefix.pch</string>
				<key>INFOPLIST_FILE</key>
				<string>OriginApp/OriginApp-Info.plist</string>
				<key>PRODUCT_NAME</key>
				<string>$(TARGET_NAME)</string>
				<key>WRAPPER_EXTENSION</key>
				<string>app</string>
			</dict>
			<key>isa</key>
			<string>XCBuildConfiguration</string>
			<key>name</key>
			<string>Debug</string>
		</dict>
		<key>EA08CFF3193E9FF0007B733B</key>
		<dict>
			<key>baseConfigurationReference</key>
			<string>14AFDF88837B40F69C7F7B15</string>
			<key>buildSettings</key>
			<dict>
				<key>ASSETCATALOG_COMPILER_APPICON_NAME</key>
				<string>AppIcon</string>
				<key>ASSETCATALOG_COMPILER_LAUNCHIMAGE_NAME</key>
				<string>LaunchImage</string>
				<key>GCC_PRECOMPILE_PREFIX_HEADER</key>
				<string>YES</string>
				<key>GCC_PREFIX_HEADER</key>
				<string>OriginApp/OriginApp-Prefix.pch</string>
				<key>INFOPLIST_FILE</key>
				<string>OriginApp/OriginApp-Info.plist</string>
				<key>PRODUCT_NAME</key>
				<string>$(TARGET_NAME)</string>
				<key>WRAPPER_EXTENSION</key>
				<string>app</string>
			</dict>
			<key>isa</key>
			<string>XCBuildConfiguration</string>
			<key>name</key>
			<string>Release</string>
		</dict>
		<key>EA08CFF4193E9FF0007B733B</key>
		<dict>
			<key>buildConfigurations</key>
			<array>
				<string>EA08CFF5193E9FF0007B733B</string>
				<string>EA08CFF6193E9FF0007B733B</string>
			</array>
			<key>defaultConfigurationIsVisible</key>
			<string>0</string>
			<key>isa</key>
			<string>XCConfigurationList</string>
		</dict>
		<key>EA08CFF5193E9FF0007B733B</key>
		<dict>
			<key>buildSettings</key>
			<dict>
				<key>BUNDLE_LOADER</key>
				<string>$(BUILT_PRODUCTS_DIR)/OriginApp.app/OriginApp</string>
				<key>FRAMEWORK_SEARCH_PATHS</key>
				<array>
					<string>$(SDKROOT)/Developer/Library/Frameworks</string>
					<string>$(inherited)</string>
					<string>$(DEVELOPER_FRAMEWORKS_DIR)</string>
				</array>
				<key>GCC_PRECOMPILE_PREFIX_HEADER</key>
				<string>YES</string>
				<key>GCC_PREFIX_HEADER</key>
				<string>OriginApp/OriginApp-Prefix.pch</string>
				<key>GCC_PREPROCESSOR_DEFINITIONS</key>
				<array>
					<string>DEBUG=1</string>
					<string>$(inherited)</string>
				</array>
				<key>INFOPLIST_FILE</key>
				<string>OriginAppTests/OriginAppTests-Info.plist</string>
				<key>PRODUCT_NAME</key>
				<string>$(TARGET_NAME)</string>
				<key>TEST_HOST</key>
				<string>$(BUNDLE_LOADER)</string>
				<key>WRAPPER_EXTENSION</key>
				<string>xctest</string>
			</dict>
			<key>isa</key>
			<string>XCBuildConfiguration</string>
			<key>name</key>
			<string>Debug</string>
		</dict>
		<key>EA08CFF6193E9FF0007B733B</key>
		<dict>
			<key>buildSettings</key>
			<dict>
				<key>BUNDLE_LOADER</key>
				<string>$(BUILT_PRODUCTS_DIR)/OriginApp.app/OriginApp</string>
				<key>FRAMEWORK_SEARCH_PATHS</key>
				<array>
					<string>$(SDKROOT)/Developer/Library/Frameworks</string>
					<string>$(inherited)</string>
					<string>$(DEVELOPER_FRAMEWORKS_DIR)</string>
				</array>
				<key>GCC_PRECOMPILE_PREFIX_HEADER</key>
				<string>YES</string>
				<key>GCC_PREFIX_HEADER</key>
				<string>OriginApp/OriginApp-Prefix.pch</string>
				<key>INFOPLIST_FILE</key>
				<string>OriginAppTests/OriginAppTests-Info.plist</string>
				<key>PRODUCT_NAME</key>
				<string>$(TARGET_NAME)</string>
				<key>TEST_HOST</key>
				<string>$(BUNDLE_LOADER)</string>
				<key>WRAPPER_EXTENSION</key>
				<string>xctest</string>
			</dict>
			<key>isa</key>
			<string>XCBuildConfiguration</string>
			<key>name</key>
			<string>Release</string>
		</dict>
	</dict>
	<key>rootObject</key>
	<string>EA08CFB7193E9FF0007B733B</string>
</dict>
</plist>
